
Microsoft Visual Studio Solution File, Format Version 12.00
# Visual Studio 15
VisualStudioVersion = 15.0.28010.2048
MinimumVisualStudioVersion = 10.0.40219.1
Project("{FAE04EC0-301F-11D3-BF4B-00C04F79EFBC}") = "ClassActivity2", "ClassActivity2\ClassActivity2.csproj", "{E8B44413-CD8B-4F98-BE39-DE1110FBA17C}"
EndProject
Global
	GlobalSection(SolutionConfigurationPlatforms) = preSolution
		Debug|Any CPU = Debug|Any CPU
		Release|Any CPU = Release|Any CPU
	EndGlobalSection
	GlobalSection(ProjectConfigurationPlatforms) = postSolution
		{E8B44413-CD8B-4F98-BE39-DE1110FBA17C}.Debug|Any CPU.ActiveCfg = Debug|Any CPU
		{E8B44413-CD8B-4F98-BE39-DE1110FBA17C}.Debug|Any CPU.Build.0 = Debug|Any CPU
		{E8B44413-CD8B-4F98-BE39-DE1110FBA17C}.Release|Any CPU.ActiveCfg = Release|Any CPU
		{E8B44413-CD8B-4F98-BE39-DE1110FBA17C}.Release|Any CPU.Build.0 = Release|Any CPU
	EndGlobalSection
	GlobalSection(SolutionProperties) = preSolution
		HideSolutionNode = FALSE
	EndGlobalSection
	GlobalSection(ExtensibilityGlobals) = postSolution
		SolutionGuid = {B4CC9E8B-9492-464A-B31F-57A24818EF84}
	EndGlobalSection
EndGlobal
